
Microsoft Visual Studio Solution File, Format Version 12.00
# Visual Studio Version 17
VisualStudioVersion = 17.11.35327.3
MinimumVisualStudioVersion = 10.0.40219.1
Project("{FAE04EC0-301F-11D3-BF4B-00C04F79EFBC}") = "AreaCirculoAppMvvm.Droid", "AreaCirculoAppMvvm\AreaCirculoAppMvvm.Droid\AreaCirculoAppMvvm.Droid.csproj", "{9D219518-B2BA-4CFF-8780-26DE5B9C7683}"
EndProject
Project("{FAE04EC0-301F-11D3-BF4B-00C04F79EFBC}") = "AreaCirculoAppMvvm.iOS", "AreaCirculoAppMvvm\AreaCirculoAppMvvm.iOS\AreaCirculoAppMvvm.iOS.csproj", "{CAC9B2CB-8813-4FBA-BC4E-1AD608C46B14}"
EndProject
Project("{FAE04EC0-301F-11D3-BF4B-00C04F79EFBC}") = "AreaCirculoAppMvvm.Mac", "AreaCirculoAppMvvm\AreaCirculoAppMvvm.Mac\AreaCirculoAppMvvm.Mac.csproj", "{C7DCA731-A443-4B3A-B764-EAB50D65FC20}"
EndProject
Project("{FAE04EC0-301F-11D3-BF4B-00C04F79EFBC}") = "AreaCirculoAppMvvm.WinUI", "AreaCirculoAppMvvm\AreaCirculoAppMvvm.WinUI\AreaCirculoAppMvvm.WinUI.csproj", "{E34A043A-08F0-4E48-BC5F-27AD871D34D2}"
EndProject
Global
	GlobalSection(SolutionConfigurationPlatforms) = preSolution
		Debug|Any CPU = Debug|Any CPU
		Debug|ARM64 = Debug|ARM64
		Debug|x64 = Debug|x64
		Debug|x86 = Debug|x86
		Release|Any CPU = Release|Any CPU
		Release|ARM64 = Release|ARM64
		Release|x64 = Release|x64
		Release|x86 = Release|x86
	EndGlobalSection
	GlobalSection(ProjectConfigurationPlatforms) = postSolution
		{9D219518-B2BA-4CFF-8780-26DE5B9C7683}.Debug|Any CPU.ActiveCfg = Debug|Any CPU
		{9D219518-B2BA-4CFF-8780-26DE5B9C7683}.Debug|Any CPU.Build.0 = Debug|Any CPU
		{9D219518-B2BA-4CFF-8780-26DE5B9C7683}.Debug|Any CPU.Deploy.0 = Debug|Any CPU
		{9D219518-B2BA-4CFF-8780-26DE5B9C7683}.Debug|ARM64.ActiveCfg = Debug|Any CPU
		{9D219518-B2BA-4CFF-8780-26DE5B9C7683}.Debug|ARM64.Build.0 = Debug|Any CPU
		{9D219518-B2BA-4CFF-8780-26DE5B9C7683}.Debug|ARM64.Deploy.0 = Debug|Any CPU
		{9D219518-B2BA-4CFF-8780-26DE5B9C7683}.Debug|x64.ActiveCfg = Debug|Any CPU
		{9D219518-B2BA-4CFF-8780-26DE5B9C7683}.Debug|x64.Build.0 = Debug|Any CPU
		{9D219518-B2BA-4CFF-8780-26DE5B9C7683}.Debug|x64.Deploy.0 = Debug|Any CPU
		{9D219518-B2BA-4CFF-8780-26DE5B9C7683}.Debug|x86.ActiveCfg = Debug|Any CPU
		{9D219518-B2BA-4CFF-8780-26DE5B9C7683}.Debug|x86.Build.0 = Debug|Any CPU
		{9D219518-B2BA-4CFF-8780-26DE5B9C7683}.Debug|x86.Deploy.0 = Debug|Any CPU
		{9D219518-B2BA-4CFF-8780-26DE5B9C7683}.Release|Any CPU.ActiveCfg = Release|Any CPU
		{9D219518-B2BA-4CFF-8780-26DE5B9C7683}.Release|Any CPU.Build.0 = Release|Any CPU
		{9D219518-B2BA-4CFF-8780-26DE5B9C7683}.Release|Any CPU.Deploy.0 = Release|Any CPU
		{9D219518-B2BA-4CFF-8780-26DE5B9C7683}.Release|ARM64.ActiveCfg = Release|Any CPU
		{9D219518-B2BA-4CFF-8780-26DE5B9C7683}.Release|ARM64.Build.0 = Release|Any CPU
		{9D219518-B2BA-4CFF-8780-26DE5B9C7683}.Release|ARM64.Deploy.0 = Release|Any CPU
		{9D219518-B2BA-4CFF-8780-26DE5B9C7683}.Release|x64.ActiveCfg = Release|Any CPU
		{9D219518-B2BA-4CFF-8780-26DE5B9C7683}.Release|x64.Build.0 = Release|Any CPU
		{9D219518-B2BA-4CFF-8780-26DE5B9C7683}.Release|x64.Deploy.0 = Release|Any CPU
		{9D219518-B2BA-4CFF-8780-26DE5B9C7683}.Release|x86.ActiveCfg = Release|Any CPU
		{9D219518-B2BA-4CFF-8780-26DE5B9C7683}.Release|x86.Build.0 = Release|Any CPU
		{9D219518-B2BA-4CFF-8780-26DE5B9C7683}.Release|x86.Deploy.0 = Release|Any CPU
		{CAC9B2CB-8813-4FBA-BC4E-1AD608C46B14}.Debug|Any CPU.ActiveCfg = Debug|Any CPU
		{CAC9B2CB-8813-4FBA-BC4E-1AD608C46B14}.Debug|Any CPU.Build.0 = Debug|Any CPU
		{CAC9B2CB-8813-4FBA-BC4E-1AD608C46B14}.Debug|Any CPU.Deploy.0 = Debug|Any CPU
		{CAC9B2CB-8813-4FBA-BC4E-1AD608C46B14}.Debug|ARM64.ActiveCfg = Debug|Any CPU
		{CAC9B2CB-8813-4FBA-BC4E-1AD608C46B14}.Debug|ARM64.Build.0 = Debug|Any CPU
		{CAC9B2CB-8813-4FBA-BC4E-1AD608C46B14}.Debug|ARM64.Deploy.0 = Debug|Any CPU
		{CAC9B2CB-8813-4FBA-BC4E-1AD608C46B14}.Debug|x64.ActiveCfg = Debug|Any CPU
		{CAC9B2CB-8813-4FBA-BC4E-1AD608C46B14}.Debug|x64.Build.0 = Debug|Any CPU
		{CAC9B2CB-8813-4FBA-BC4E-1AD608C46B14}.Debug|x64.Deploy.0 = Debug|Any CPU
		{CAC9B2CB-8813-4FBA-BC4E-1AD608C46B14}.Debug|x86.ActiveCfg = Debug|Any CPU
		{CAC9B2CB-8813-4FBA-BC4E-1AD608C46B14}.Debug|x86.Build.0 = Debug|Any CPU
		{CAC9B2CB-8813-4FBA-BC4E-1AD608C46B14}.Debug|x86.Deploy.0 = Debug|Any CPU
		{CAC9B2CB-8813-4FBA-BC4E-1AD608C46B14}.Release|Any CPU.ActiveCfg = Release|Any CPU
		{CAC9B2CB-8813-4FBA-BC4E-1AD608C46B14}.Release|Any CPU.Build.0 = Release|Any CPU
		{CAC9B2CB-8813-4FBA-BC4E-1AD608C46B14}.Release|Any CPU.Deploy.0 = Release|Any CPU
		{CAC9B2CB-8813-4FBA-BC4E-1AD608C46B14}.Release|ARM64.ActiveCfg = Release|Any CPU
		{CAC9B2CB-8813-4FBA-BC4E-1AD608C46B14}.Release|ARM64.Build.0 = Release|Any CPU
		{CAC9B2CB-8813-4FBA-BC4E-1AD608C46B14}.Release|ARM64.Deploy.0 = Release|Any CPU
		{CAC9B2CB-8813-4FBA-BC4E-1AD608C46B14}.Release|x64.ActiveCfg = Release|Any CPU
		{CAC9B2CB-8813-4FBA-BC4E-1AD608C46B14}.Release|x64.Build.0 = Release|Any CPU
		{CAC9B2CB-8813-4FBA-BC4E-1AD608C46B14}.Release|x64.Deploy.0 = Release|Any CPU
		{CAC9B2CB-8813-4FBA-BC4E-1AD608C46B14}.Release|x86.ActiveCfg = Release|Any CPU
		{CAC9B2CB-8813-4FBA-BC4E-1AD608C46B14}.Release|x86.Build.0 = Release|Any CPU
		{CAC9B2CB-8813-4FBA-BC4E-1AD608C46B14}.Release|x86.Deploy.0 = Release|Any CPU
		{C7DCA731-A443-4B3A-B764-EAB50D65FC20}.Debug|Any CPU.ActiveCfg = Debug|Any CPU
		{C7DCA731-A443-4B3A-B764-EAB50D65FC20}.Debug|Any CPU.Build.0 = Debug|Any CPU
		{C7DCA731-A443-4B3A-B764-EAB50D65FC20}.Debug|Any CPU.Deploy.0 = Debug|Any CPU
		{C7DCA731-A443-4B3A-B764-EAB50D65FC20}.Debug|ARM64.ActiveCfg = Debug|Any CPU
		{C7DCA731-A443-4B3A-B764-EAB50D65FC20}.Debug|ARM64.Build.0 = Debug|Any CPU
		{C7DCA731-A443-4B3A-B764-EAB50D65FC20}.Debug|ARM64.Deploy.0 = Debug|Any CPU
		{C7DCA731-A443-4B3A-B764-EAB50D65FC20}.Debug|x64.ActiveCfg = Debug|Any CPU
		{C7DCA731-A443-4B3A-B764-EAB50D65FC20}.Debug|x64.Build.0 = Debug|Any CPU
		{C7DCA731-A443-4B3A-B764-EAB50D65FC20}.Debug|x64.Deploy.0 = Debug|Any CPU
		{C7DCA731-A443-4B3A-B764-EAB50D65FC20}.Debug|x86.ActiveCfg = Debug|Any CPU
		{C7DCA731-A443-4B3A-B764-EAB50D65FC20}.Debug|x86.Build.0 = Debug|Any CPU
		{C7DCA731-A443-4B3A-B764-EAB50D65FC20}.Debug|x86.Deploy.0 = Debug|Any CPU
		{C7DCA731-A443-4B3A-B764-EAB50D65FC20}.Release|Any CPU.ActiveCfg = Release|Any CPU
		{C7DCA731-A443-4B3A-B764-EAB50D65FC20}.Release|Any CPU.Build.0 = Release|Any CPU
		{C7DCA731-A443-4B3A-B764-EAB50D65FC20}.Release|Any CPU.Deploy.0 = Release|Any CPU
		{C7DCA731-A443-4B3A-B764-EAB50D65FC20}.Release|ARM64.ActiveCfg = Release|Any CPU
		{C7DCA731-A443-4B3A-B764-EAB50D65FC20}.Release|ARM64.Build.0 = Release|Any CPU
		{C7DCA731-A443-4B3A-B764-EAB50D65FC20}.Release|ARM64.Deploy.0 = Release|Any CPU
		{C7DCA731-A443-4B3A-B764-EAB50D65FC20}.Release|x64.ActiveCfg = Release|Any CPU
		{C7DCA731-A443-4B3A-B764-EAB50D65FC20}.Release|x64.Build.0 = Release|Any CPU
		{C7DCA731-A443-4B3A-B764-EAB50D65FC20}.Release|x64.Deploy.0 = Release|Any CPU
		{C7DCA731-A443-4B3A-B764-EAB50D65FC20}.Release|x86.ActiveCfg = Release|Any CPU
		{C7DCA731-A443-4B3A-B764-EAB50D65FC20}.Release|x86.Build.0 = Release|Any CPU
		{C7DCA731-A443-4B3A-B764-EAB50D65FC20}.Release|x86.Deploy.0 = Release|Any CPU
		{E34A043A-08F0-4E48-BC5F-27AD871D34D2}.Debug|Any CPU.ActiveCfg = Debug|x64
		{E34A043A-08F0-4E48-BC5F-27AD871D34D2}.Debug|Any CPU.Build.0 = Debug|x64
		{E34A043A-08F0-4E48-BC5F-27AD871D34D2}.Debug|Any CPU.Deploy.0 = Debug|x64
		{E34A043A-08F0-4E48-BC5F-27AD871D34D2}.Debug|ARM64.ActiveCfg = Debug|ARM64
		{E34A043A-08F0-4E48-BC5F-27AD871D34D2}.Debug|ARM64.Build.0 = Debug|ARM64
		{E34A043A-08F0-4E48-BC5F-27AD871D34D2}.Debug|ARM64.Deploy.0 = Debug|ARM64
		{E34A043A-08F0-4E48-BC5F-27AD871D34D2}.Debug|x64.ActiveCfg = Debug|x64
		{E34A043A-08F0-4E48-BC5F-27AD871D34D2}.Debug|x64.Build.0 = Debug|x64
		{E34A043A-08F0-4E48-BC5F-27AD871D34D2}.Debug|x64.Deploy.0 = Debug|x64
		{E34A043A-08F0-4E48-BC5F-27AD871D34D2}.Debug|x86.ActiveCfg = Debug|x86
		{E34A043A-08F0-4E48-BC5F-27AD871D34D2}.Debug|x86.Build.0 = Debug|x86
		{E34A043A-08F0-4E48-BC5F-27AD871D34D2}.Debug|x86.Deploy.0 = Debug|x86
		{E34A043A-08F0-4E48-BC5F-27AD871D34D2}.Release|Any CPU.ActiveCfg = Release|x64
		{E34A043A-08F0-4E48-BC5F-27AD871D34D2}.Release|Any CPU.Build.0 = Release|x64
		{E34A043A-08F0-4E48-BC5F-27AD871D34D2}.Release|Any CPU.Deploy.0 = Release|x64
		{E34A043A-08F0-4E48-BC5F-27AD871D34D2}.Release|ARM64.ActiveCfg = Release|ARM64
		{E34A043A-08F0-4E48-BC5F-27AD871D34D2}.Release|ARM64.Build.0 = Release|ARM64
		{E34A043A-08F0-4E48-BC5F-27AD871D34D2}.Release|ARM64.Deploy.0 = Release|ARM64
		{E34A043A-08F0-4E48-BC5F-27AD871D34D2}.Release|x64.ActiveCfg = Release|x64
		{E34A043A-08F0-4E48-BC5F-27AD871D34D2}.Release|x64.Build.0 = Release|x64
		{E34A043A-08F0-4E48-BC5F-27AD871D34D2}.Release|x64.Deploy.0 = Release|x64
		{E34A043A-08F0-4E48-BC5F-27AD871D34D2}.Release|x86.ActiveCfg = Release|x86
		{E34A043A-08F0-4E48-BC5F-27AD871D34D2}.Release|x86.Build.0 = Release|x86
		{E34A043A-08F0-4E48-BC5F-27AD871D34D2}.Release|x86.Deploy.0 = Release|x86
	EndGlobalSection
	GlobalSection(SolutionProperties) = preSolution
		HideSolutionNode = FALSE
	EndGlobalSection
	GlobalSection(ExtensibilityGlobals) = postSolution
		SolutionGuid = {AE43D903-66BB-440E-84A2-2D971AD0A541}
	EndGlobalSection
EndGlobal
